
Microsoft Visual Studio Solution File, Format Version 12.00
# Visual Studio Version 17
VisualStudioVersion = 17.10.35122.118
MinimumVisualStudioVersion = 10.0.40219.1
Project("{FAE04EC0-301F-11D3-BF4B-00C04F79EFBC}") = "project 5 clock", "project 5 clock.csproj", "{88F24581-46E1-4709-B28C-E3015FC4C9DB}"
EndProject
Global
	GlobalSection(SolutionConfigurationPlatforms) = preSolution
		Debug|Any CPU = Debug|Any CPU
		Release|Any CPU = Release|Any CPU
	EndGlobalSection
	GlobalSection(ProjectConfigurationPlatforms) = postSolution
		{88F24581-46E1-4709-B28C-E3015FC4C9DB}.Debug|Any CPU.ActiveCfg = Debug|Any CPU
		{88F24581-46E1-4709-B28C-E3015FC4C9DB}.Debug|Any CPU.Build.0 = Debug|Any CPU
		{88F24581-46E1-4709-B28C-E3015FC4C9DB}.Release|Any CPU.ActiveCfg = Release|Any CPU
		{88F24581-46E1-4709-B28C-E3015FC4C9DB}.Release|Any CPU.Build.0 = Release|Any CPU
	EndGlobalSection
	GlobalSection(SolutionProperties) = preSolution
		HideSolutionNode = FALSE
	EndGlobalSection
	GlobalSection(ExtensibilityGlobals) = postSolution
		SolutionGuid = {B17A8889-5A9F-4F6D-BD04-3570A035E938}
	EndGlobalSection
EndGlobal
